
Microsoft Visual Studio Solution File, Format Version 12.00
# Visual Studio Version 17
VisualStudioVersion = 17.3.32929.385
MinimumVisualStudioVersion = 10.0.40219.1
Project("{FAE04EC0-301F-11D3-BF4B-00C04F79EFBC}") = "APIs", "APIs\APIs.csproj", "{8C318651-DB7A-43E3-9E3A-0984E99F00A9}"
EndProject
Global
	GlobalSection(SolutionConfigurationPlatforms) = preSolution
		Debug|Any CPU = Debug|Any CPU
		Release|Any CPU = Release|Any CPU
	EndGlobalSection
	GlobalSection(ProjectConfigurationPlatforms) = postSolution
		{8C318651-DB7A-43E3-9E3A-0984E99F00A9}.Debug|Any CPU.ActiveCfg = Debug|Any CPU
		{8C318651-DB7A-43E3-9E3A-0984E99F00A9}.Debug|Any CPU.Build.0 = Debug|Any CPU
		{8C318651-DB7A-43E3-9E3A-0984E99F00A9}.Release|Any CPU.ActiveCfg = Release|Any CPU
		{8C318651-DB7A-43E3-9E3A-0984E99F00A9}.Release|Any CPU.Build.0 = Release|Any CPU
	EndGlobalSection
	GlobalSection(SolutionProperties) = preSolution
		HideSolutionNode = FALSE
	EndGlobalSection
	GlobalSection(ExtensibilityGlobals) = postSolution
		SolutionGuid = {4ED37591-1155-4EB8-A9CF-9084B24C9A18}
	EndGlobalSection
EndGlobal
